
Microsoft Visual Studio Solution File, Format Version 12.00
# Visual Studio 15
VisualStudioVersion = 15.0.27130.2026
MinimumVisualStudioVersion = 10.0.40219.1
Project("{FAE04EC0-301F-11D3-BF4B-00C04F79EFBC}") = "Fractional Numbers", "Fractional Numbers.csproj", "{4A0BDC32-C9AF-473F-84F9-566F4E6406C7}"
EndProject
Global
	GlobalSection(SolutionConfigurationPlatforms) = preSolution
		Debug|Any CPU = Debug|Any CPU
		Release|Any CPU = Release|Any CPU
	EndGlobalSection
	GlobalSection(ProjectConfigurationPlatforms) = postSolution
		{4A0BDC32-C9AF-473F-84F9-566F4E6406C7}.Debug|Any CPU.ActiveCfg = Debug|Any CPU
		{4A0BDC32-C9AF-473F-84F9-566F4E6406C7}.Debug|Any CPU.Build.0 = Debug|Any CPU
		{4A0BDC32-C9AF-473F-84F9-566F4E6406C7}.Release|Any CPU.ActiveCfg = Release|Any CPU
		{4A0BDC32-C9AF-473F-84F9-566F4E6406C7}.Release|Any CPU.Build.0 = Release|Any CPU
	EndGlobalSection
	GlobalSection(SolutionProperties) = preSolution
		HideSolutionNode = FALSE
	EndGlobalSection
	GlobalSection(ExtensibilityGlobals) = postSolution
		SolutionGuid = {400CF253-7E4A-4689-9A88-80164B50A3A4}
	EndGlobalSection
EndGlobal
