
Microsoft Visual Studio Solution File, Format Version 12.00
# Visual Studio 15
VisualStudioVersion = 15.0.27130.2010
MinimumVisualStudioVersion = 10.0.40219.1
Project("{FAE04EC0-301F-11D3-BF4B-00C04F79EFBC}") = "Rectangle", "Rectangle\Rectangle.csproj", "{3441A6EA-E2A9-40A4-9901-B27E9920C090}"
EndProject
Project("{FAE04EC0-301F-11D3-BF4B-00C04F79EFBC}") = "Triangle", "..\Triangle\Triangle\Triangle.csproj", "{E878825D-3FF7-4A8F-9419-0EDBA4248CFC}"
EndProject
Global
	GlobalSection(SolutionConfigurationPlatforms) = preSolution
		Debug|Any CPU = Debug|Any CPU
		Release|Any CPU = Release|Any CPU
	EndGlobalSection
	GlobalSection(ProjectConfigurationPlatforms) = postSolution
		{3441A6EA-E2A9-40A4-9901-B27E9920C090}.Debug|Any CPU.ActiveCfg = Debug|Any CPU
		{3441A6EA-E2A9-40A4-9901-B27E9920C090}.Debug|Any CPU.Build.0 = Debug|Any CPU
		{3441A6EA-E2A9-40A4-9901-B27E9920C090}.Release|Any CPU.ActiveCfg = Release|Any CPU
		{3441A6EA-E2A9-40A4-9901-B27E9920C090}.Release|Any CPU.Build.0 = Release|Any CPU
		{E878825D-3FF7-4A8F-9419-0EDBA4248CFC}.Debug|Any CPU.ActiveCfg = Debug|Any CPU
		{E878825D-3FF7-4A8F-9419-0EDBA4248CFC}.Debug|Any CPU.Build.0 = Debug|Any CPU
		{E878825D-3FF7-4A8F-9419-0EDBA4248CFC}.Release|Any CPU.ActiveCfg = Release|Any CPU
		{E878825D-3FF7-4A8F-9419-0EDBA4248CFC}.Release|Any CPU.Build.0 = Release|Any CPU
	EndGlobalSection
	GlobalSection(SolutionProperties) = preSolution
		HideSolutionNode = FALSE
	EndGlobalSection
	GlobalSection(ExtensibilityGlobals) = postSolution
		SolutionGuid = {30A479D6-5312-4DA3-982C-37481E6E67DD}
	EndGlobalSection
EndGlobal
