
Microsoft Visual Studio Solution File, Format Version 12.00
# Visual Studio 15
VisualStudioVersion = 15.0.27130.2020
MinimumVisualStudioVersion = 10.0.40219.1
Project("{FAE04EC0-301F-11D3-BF4B-00C04F79EFBC}") = "Primes in main", "Primes in main\Primes in main.csproj", "{8E21E579-FB27-4B08-9F14-EBDC9D68F538}"
EndProject
Global
	GlobalSection(SolutionConfigurationPlatforms) = preSolution
		Debug|Any CPU = Debug|Any CPU
		Release|Any CPU = Release|Any CPU
	EndGlobalSection
	GlobalSection(ProjectConfigurationPlatforms) = postSolution
		{8E21E579-FB27-4B08-9F14-EBDC9D68F538}.Debug|Any CPU.ActiveCfg = Debug|Any CPU
		{8E21E579-FB27-4B08-9F14-EBDC9D68F538}.Debug|Any CPU.Build.0 = Debug|Any CPU
		{8E21E579-FB27-4B08-9F14-EBDC9D68F538}.Release|Any CPU.ActiveCfg = Release|Any CPU
		{8E21E579-FB27-4B08-9F14-EBDC9D68F538}.Release|Any CPU.Build.0 = Release|Any CPU
	EndGlobalSection
	GlobalSection(SolutionProperties) = preSolution
		HideSolutionNode = FALSE
	EndGlobalSection
	GlobalSection(ExtensibilityGlobals) = postSolution
		SolutionGuid = {E07E6FE2-61DB-4A55-B47B-18BAAA99F453}
	EndGlobalSection
EndGlobal
